
Microsoft Visual Studio Solution File, Format Version 12.00
# Visual Studio Version 17
VisualStudioVersion = 17.9.34714.143
MinimumVisualStudioVersion = 10.0.40219.1
Project("{8BC9CEB8-8B4A-11D0-8D11-00A0C91BC942}") = "turbo", "turbo\turbo.vcxproj", "{B4615E97-FA4A-4E82-94F1-381DFA7C1D1A}"
EndProject
Global
	GlobalSection(SolutionConfigurationPlatforms) = preSolution
		Debug|x64 = Debug|x64
		Debug|x86 = Debug|x86
		Release|x64 = Release|x64
		Release|x86 = Release|x86
	EndGlobalSection
	GlobalSection(ProjectConfigurationPlatforms) = postSolution
		{B4615E97-FA4A-4E82-94F1-381DFA7C1D1A}.Debug|x64.ActiveCfg = Debug|x64
		{B4615E97-FA4A-4E82-94F1-381DFA7C1D1A}.Debug|x64.Build.0 = Debug|x64
		{B4615E97-FA4A-4E82-94F1-381DFA7C1D1A}.Debug|x86.ActiveCfg = Debug|Win32
		{B4615E97-FA4A-4E82-94F1-381DFA7C1D1A}.Debug|x86.Build.0 = Debug|Win32
		{B4615E97-FA4A-4E82-94F1-381DFA7C1D1A}.Release|x64.ActiveCfg = Release|x64
		{B4615E97-FA4A-4E82-94F1-381DFA7C1D1A}.Release|x64.Build.0 = Release|x64
		{B4615E97-FA4A-4E82-94F1-381DFA7C1D1A}.Release|x86.ActiveCfg = Release|Win32
		{B4615E97-FA4A-4E82-94F1-381DFA7C1D1A}.Release|x86.Build.0 = Release|Win32
	EndGlobalSection
	GlobalSection(SolutionProperties) = preSolution
		HideSolutionNode = FALSE
	EndGlobalSection
	GlobalSection(ExtensibilityGlobals) = postSolution
		SolutionGuid = {DFEB8CD7-673B-42E7-841B-CDC2D8CE5E0A}
	EndGlobalSection
EndGlobal
